# THIS IS AN AUTOGENERATED FILE. DO NOT EDIT THIS FILE DIRECTLY.
# yarn lockfile v1


electron-ipc-log@^3.0.1:
  version "3.0.1"
  resolved "https://registry.yarnpkg.com/electron-ipc-log/-/electron-ipc-log-3.0.1.tgz#4d97594f99f7bcdbe7ac4230bd20a1cc8121ff92"
  integrity sha512-S5eWzUjhYkEBbQ94FgDakQH0FCE3BhhErUIy3EoTK8cDAndfXmHXzl8qGhtdyuFYmRjvPacHb7xfDtas9oGN8g==
